
Microsoft Visual Studio Solution File, Format Version 12.00
# Visual Studio Version 17
VisualStudioVersion = 17.8.34330.188
MinimumVisualStudioVersion = 10.0.40219.1
Project("{9A19103F-16F7-4668-BE54-9A1E7A4F7556}") = "BackendCrab.Core", "BackendCrab.Core\BackendCrab.Core.csproj", "{8C28AE3F-5450-407A-A1AD-91D5D807A44E}"
EndProject
Project("{9A19103F-16F7-4668-BE54-9A1E7A4F7556}") = "BackendCrab.EntityLayer", "BackendCrab.EntityLayer\BackendCrab.EntityLayer.csproj", "{5C8CDF06-6F70-46DC-9DA2-4C1A72033026}"
EndProject
Project("{9A19103F-16F7-4668-BE54-9A1E7A4F7556}") = "BackendCrab.BusinessLayer", "BackendCrab.BusinessLayer\BackendCrab.BusinessLayer.csproj", "{780F18B6-FC78-45A1-BE68-F431A43BA80C}"
EndProject
Project("{9A19103F-16F7-4668-BE54-9A1E7A4F7556}") = "BackendCrab.DataAccessLayer", "BackendCrab.DataAccessLayer\BackendCrab.DataAccessLayer.csproj", "{EF0AC033-976B-4EE1-AEE0-F811DCD9ECF3}"
EndProject
Project("{9A19103F-16F7-4668-BE54-9A1E7A4F7556}") = "BackendCrab.Api", "BackendCrab.Api\BackendCrab.Api.csproj", "{399CE333-4AB6-47F9-9D10-43CE1797863A}"
EndProject
Project("{2150E333-8FDC-42A3-9474-1A3956D46DE8}") = "Solution Items", "Solution Items", "{C940EE62-7B51-439F-827E-285DFB2FF633}"
	ProjectSection(SolutionItems) = preProject
		.editorconfig = .editorconfig
		URL.txt = URL.txt
	EndProjectSection
EndProject
Project("{FAE04EC0-301F-11D3-BF4B-00C04F79EFBC}") = "BackendCrab.UI", "BackendCrab.UI\BackendCrab.UI.csproj", "{4D6DDDD3-2A12-4543-B058-531C1C0A9B37}"
EndProject
Global
	GlobalSection(SolutionConfigurationPlatforms) = preSolution
		Debug|Any CPU = Debug|Any CPU
		Release|Any CPU = Release|Any CPU
	EndGlobalSection
	GlobalSection(ProjectConfigurationPlatforms) = postSolution
		{8C28AE3F-5450-407A-A1AD-91D5D807A44E}.Debug|Any CPU.ActiveCfg = Debug|Any CPU
		{8C28AE3F-5450-407A-A1AD-91D5D807A44E}.Debug|Any CPU.Build.0 = Debug|Any CPU
		{8C28AE3F-5450-407A-A1AD-91D5D807A44E}.Release|Any CPU.ActiveCfg = Release|Any CPU
		{8C28AE3F-5450-407A-A1AD-91D5D807A44E}.Release|Any CPU.Build.0 = Release|Any CPU
		{5C8CDF06-6F70-46DC-9DA2-4C1A72033026}.Debug|Any CPU.ActiveCfg = Debug|Any CPU
		{5C8CDF06-6F70-46DC-9DA2-4C1A72033026}.Debug|Any CPU.Build.0 = Debug|Any CPU
		{5C8CDF06-6F70-46DC-9DA2-4C1A72033026}.Release|Any CPU.ActiveCfg = Release|Any CPU
		{5C8CDF06-6F70-46DC-9DA2-4C1A72033026}.Release|Any CPU.Build.0 = Release|Any CPU
		{780F18B6-FC78-45A1-BE68-F431A43BA80C}.Debug|Any CPU.ActiveCfg = Debug|Any CPU
		{780F18B6-FC78-45A1-BE68-F431A43BA80C}.Debug|Any CPU.Build.0 = Debug|Any CPU
		{780F18B6-FC78-45A1-BE68-F431A43BA80C}.Release|Any CPU.ActiveCfg = Release|Any CPU
		{780F18B6-FC78-45A1-BE68-F431A43BA80C}.Release|Any CPU.Build.0 = Release|Any CPU
		{EF0AC033-976B-4EE1-AEE0-F811DCD9ECF3}.Debug|Any CPU.ActiveCfg = Debug|Any CPU
		{EF0AC033-976B-4EE1-AEE0-F811DCD9ECF3}.Debug|Any CPU.Build.0 = Debug|Any CPU
		{EF0AC033-976B-4EE1-AEE0-F811DCD9ECF3}.Release|Any CPU.ActiveCfg = Release|Any CPU
		{EF0AC033-976B-4EE1-AEE0-F811DCD9ECF3}.Release|Any CPU.Build.0 = Release|Any CPU
		{399CE333-4AB6-47F9-9D10-43CE1797863A}.Debug|Any CPU.ActiveCfg = Debug|Any CPU
		{399CE333-4AB6-47F9-9D10-43CE1797863A}.Debug|Any CPU.Build.0 = Debug|Any CPU
		{399CE333-4AB6-47F9-9D10-43CE1797863A}.Release|Any CPU.ActiveCfg = Release|Any CPU
		{399CE333-4AB6-47F9-9D10-43CE1797863A}.Release|Any CPU.Build.0 = Release|Any CPU
		{4D6DDDD3-2A12-4543-B058-531C1C0A9B37}.Debug|Any CPU.ActiveCfg = Debug|Any CPU
		{4D6DDDD3-2A12-4543-B058-531C1C0A9B37}.Debug|Any CPU.Build.0 = Debug|Any CPU
		{4D6DDDD3-2A12-4543-B058-531C1C0A9B37}.Release|Any CPU.ActiveCfg = Release|Any CPU
		{4D6DDDD3-2A12-4543-B058-531C1C0A9B37}.Release|Any CPU.Build.0 = Release|Any CPU
	EndGlobalSection
	GlobalSection(SolutionProperties) = preSolution
		HideSolutionNode = FALSE
	EndGlobalSection
	GlobalSection(ExtensibilityGlobals) = postSolution
		SolutionGuid = {5F7740EF-8FD0-410B-A980-0312C4AA33DB}
	EndGlobalSection
EndGlobal
